
Microsoft Visual Studio Solution File, Format Version 12.00
# Visual Studio Version 17
VisualStudioVersion = 17.5.33516.290
MinimumVisualStudioVersion = 10.0.40219.1
Project("{8BC9CEB8-8B4A-11D0-8D11-00A0C91BC942}") = "App", "App\App.vcxproj", "{CC63C4E1-2857-4B1B-848A-1FB3390469D6}"
	ProjectSection(ProjectDependencies) = postProject
		{5DD03C0A-A1D2-4472-8BFE-C4279488AC8D} = {5DD03C0A-A1D2-4472-8BFE-C4279488AC8D}
		{84E8F67A-AA08-438D-879D-6FC52A92BB31} = {84E8F67A-AA08-438D-879D-6FC52A92BB31}
	EndProjectSection
EndProject
Project("{8BC9CEB8-8B4A-11D0-8D11-00A0C91BC942}") = "Util", "Util\Util.vcxproj", "{84E8F67A-AA08-438D-879D-6FC52A92BB31}"
EndProject
Project("{8BC9CEB8-8B4A-11D0-8D11-00A0C91BC942}") = "Simplify", "Simplify\Simplify.vcxproj", "{5DD03C0A-A1D2-4472-8BFE-C4279488AC8D}"
	ProjectSection(ProjectDependencies) = postProject
		{84E8F67A-AA08-438D-879D-6FC52A92BB31} = {84E8F67A-AA08-438D-879D-6FC52A92BB31}
	EndProjectSection
EndProject
Global
	GlobalSection(SolutionConfigurationPlatforms) = preSolution
		Debug|x64 = Debug|x64
		Debug|x86 = Debug|x86
		Release|x64 = Release|x64
		Release|x86 = Release|x86
	EndGlobalSection
	GlobalSection(ProjectConfigurationPlatforms) = postSolution
		{CC63C4E1-2857-4B1B-848A-1FB3390469D6}.Debug|x64.ActiveCfg = Debug|x64
		{CC63C4E1-2857-4B1B-848A-1FB3390469D6}.Debug|x64.Build.0 = Debug|x64
		{CC63C4E1-2857-4B1B-848A-1FB3390469D6}.Debug|x86.ActiveCfg = Debug|x64
		{CC63C4E1-2857-4B1B-848A-1FB3390469D6}.Release|x64.ActiveCfg = Release|x64
		{CC63C4E1-2857-4B1B-848A-1FB3390469D6}.Release|x64.Build.0 = Release|x64
		{CC63C4E1-2857-4B1B-848A-1FB3390469D6}.Release|x86.ActiveCfg = Release|x64
		{84E8F67A-AA08-438D-879D-6FC52A92BB31}.Debug|x64.ActiveCfg = Debug|x64
		{84E8F67A-AA08-438D-879D-6FC52A92BB31}.Debug|x64.Build.0 = Debug|x64
		{84E8F67A-AA08-438D-879D-6FC52A92BB31}.Debug|x86.ActiveCfg = Debug|x64
		{84E8F67A-AA08-438D-879D-6FC52A92BB31}.Release|x64.ActiveCfg = Release|x64
		{84E8F67A-AA08-438D-879D-6FC52A92BB31}.Release|x64.Build.0 = Release|x64
		{84E8F67A-AA08-438D-879D-6FC52A92BB31}.Release|x86.ActiveCfg = Release|x64
		{5DD03C0A-A1D2-4472-8BFE-C4279488AC8D}.Debug|x64.ActiveCfg = Debug|x64
		{5DD03C0A-A1D2-4472-8BFE-C4279488AC8D}.Debug|x64.Build.0 = Debug|x64
		{5DD03C0A-A1D2-4472-8BFE-C4279488AC8D}.Debug|x86.ActiveCfg = Debug|Win32
		{5DD03C0A-A1D2-4472-8BFE-C4279488AC8D}.Debug|x86.Build.0 = Debug|Win32
		{5DD03C0A-A1D2-4472-8BFE-C4279488AC8D}.Release|x64.ActiveCfg = Release|x64
		{5DD03C0A-A1D2-4472-8BFE-C4279488AC8D}.Release|x64.Build.0 = Release|x64
		{5DD03C0A-A1D2-4472-8BFE-C4279488AC8D}.Release|x86.ActiveCfg = Release|Win32
		{5DD03C0A-A1D2-4472-8BFE-C4279488AC8D}.Release|x86.Build.0 = Release|Win32
	EndGlobalSection
	GlobalSection(SolutionProperties) = preSolution
		HideSolutionNode = FALSE
	EndGlobalSection
	GlobalSection(ExtensibilityGlobals) = postSolution
		SolutionGuid = {D59FCABB-CB0E-4A4C-8DA6-AAAD4EA9D168}
	EndGlobalSection
EndGlobal
